
Microsoft Visual Studio Solution File, Format Version 12.00
# Visual Studio Version 17
VisualStudioVersion = 17.1.32210.238
MinimumVisualStudioVersion = 10.0.40219.1
Project("{2150E333-8FDC-42A3-9474-1A3956D46DE8}") = "Solution Items", "Solution Items", "{466A7E3B-9A9C-46CF-BAA5-073149D5A19E}"
	ProjectSection(SolutionItems) = preProject
		.editorconfig = .editorconfig
	EndProjectSection
EndProject
Project("{9A19103F-16F7-4668-BE54-9A1E7A4F7556}") = "AnyTestCases", "AnyTestCases\AnyTestCases.csproj", "{4894FC6A-7ABB-4CD6-91E0-6B1BD03AAE84}"
EndProject
Project("{9A19103F-16F7-4668-BE54-9A1E7A4F7556}") = "API", "API\API.csproj", "{4C26D759-AF6C-4317-98AE-A9E25F415368}"
EndProject
Project("{9A19103F-16F7-4668-BE54-9A1E7A4F7556}") = "AsyncTheory", "AsyncTheory\AsyncTheory.csproj", "{6AF60799-15F3-48BD-B34F-57E0D029F158}"
EndProject
Project("{9A19103F-16F7-4668-BE54-9A1E7A4F7556}") = "CarProject", "CarProject\CarProject.csproj", "{5486B8E5-202E-4969-9608-71D802193A52}"
EndProject
Project("{9A19103F-16F7-4668-BE54-9A1E7A4F7556}") = "Delegates", "Delegates\Delegates.csproj", "{777CDE8C-3EDC-48E6-BE32-0C657807980E}"
EndProject
Project("{9A19103F-16F7-4668-BE54-9A1E7A4F7556}") = "Email", "Email\Email.csproj", "{3284E1C5-A8EB-4D3E-BF8F-C180C801A76E}"
EndProject
Project("{9A19103F-16F7-4668-BE54-9A1E7A4F7556}") = "Events", "Events\Events.csproj", "{EB43F644-F69B-45BF-9F8B-AAE6B56198D9}"
EndProject
Project("{9A19103F-16F7-4668-BE54-9A1E7A4F7556}") = "MouseEmulation", "MouseEmulation\MouseEmulation.csproj", "{6A2CA5A3-2D7C-4E93-B9D0-130D9F051A14}"
EndProject
Project("{9A19103F-16F7-4668-BE54-9A1E7A4F7556}") = "SeleniumStaff", "SeleniumStaff\SeleniumStaff.csproj", "{2D1BC732-D1F0-4DC4-8728-4F13F5BB56F3}"
EndProject
Project("{9A19103F-16F7-4668-BE54-9A1E7A4F7556}") = "Theory Project", "Theory Project\Theory Project.csproj", "{CB171EB5-51A4-4589-999C-7794B41C6AD9}"
EndProject
Global
	GlobalSection(SolutionConfigurationPlatforms) = preSolution
		Debug|Any CPU = Debug|Any CPU
		Release|Any CPU = Release|Any CPU
	EndGlobalSection
	GlobalSection(ProjectConfigurationPlatforms) = postSolution
		{4894FC6A-7ABB-4CD6-91E0-6B1BD03AAE84}.Debug|Any CPU.ActiveCfg = Debug|Any CPU
		{4894FC6A-7ABB-4CD6-91E0-6B1BD03AAE84}.Debug|Any CPU.Build.0 = Debug|Any CPU
		{4894FC6A-7ABB-4CD6-91E0-6B1BD03AAE84}.Release|Any CPU.ActiveCfg = Release|Any CPU
		{4894FC6A-7ABB-4CD6-91E0-6B1BD03AAE84}.Release|Any CPU.Build.0 = Release|Any CPU
		{4C26D759-AF6C-4317-98AE-A9E25F415368}.Debug|Any CPU.ActiveCfg = Debug|Any CPU
		{4C26D759-AF6C-4317-98AE-A9E25F415368}.Debug|Any CPU.Build.0 = Debug|Any CPU
		{4C26D759-AF6C-4317-98AE-A9E25F415368}.Release|Any CPU.ActiveCfg = Release|Any CPU
		{4C26D759-AF6C-4317-98AE-A9E25F415368}.Release|Any CPU.Build.0 = Release|Any CPU
		{6AF60799-15F3-48BD-B34F-57E0D029F158}.Debug|Any CPU.ActiveCfg = Debug|Any CPU
		{6AF60799-15F3-48BD-B34F-57E0D029F158}.Debug|Any CPU.Build.0 = Debug|Any CPU
		{6AF60799-15F3-48BD-B34F-57E0D029F158}.Release|Any CPU.ActiveCfg = Release|Any CPU
		{6AF60799-15F3-48BD-B34F-57E0D029F158}.Release|Any CPU.Build.0 = Release|Any CPU
		{5486B8E5-202E-4969-9608-71D802193A52}.Debug|Any CPU.ActiveCfg = Debug|Any CPU
		{5486B8E5-202E-4969-9608-71D802193A52}.Debug|Any CPU.Build.0 = Debug|Any CPU
		{5486B8E5-202E-4969-9608-71D802193A52}.Release|Any CPU.ActiveCfg = Release|Any CPU
		{5486B8E5-202E-4969-9608-71D802193A52}.Release|Any CPU.Build.0 = Release|Any CPU
		{777CDE8C-3EDC-48E6-BE32-0C657807980E}.Debug|Any CPU.ActiveCfg = Debug|Any CPU
		{777CDE8C-3EDC-48E6-BE32-0C657807980E}.Debug|Any CPU.Build.0 = Debug|Any CPU
		{777CDE8C-3EDC-48E6-BE32-0C657807980E}.Release|Any CPU.ActiveCfg = Release|Any CPU
		{777CDE8C-3EDC-48E6-BE32-0C657807980E}.Release|Any CPU.Build.0 = Release|Any CPU
		{3284E1C5-A8EB-4D3E-BF8F-C180C801A76E}.Debug|Any CPU.ActiveCfg = Debug|Any CPU
		{3284E1C5-A8EB-4D3E-BF8F-C180C801A76E}.Debug|Any CPU.Build.0 = Debug|Any CPU
		{3284E1C5-A8EB-4D3E-BF8F-C180C801A76E}.Release|Any CPU.ActiveCfg = Release|Any CPU
		{3284E1C5-A8EB-4D3E-BF8F-C180C801A76E}.Release|Any CPU.Build.0 = Release|Any CPU
		{EB43F644-F69B-45BF-9F8B-AAE6B56198D9}.Debug|Any CPU.ActiveCfg = Debug|Any CPU
		{EB43F644-F69B-45BF-9F8B-AAE6B56198D9}.Debug|Any CPU.Build.0 = Debug|Any CPU
		{EB43F644-F69B-45BF-9F8B-AAE6B56198D9}.Release|Any CPU.ActiveCfg = Release|Any CPU
		{EB43F644-F69B-45BF-9F8B-AAE6B56198D9}.Release|Any CPU.Build.0 = Release|Any CPU
		{6A2CA5A3-2D7C-4E93-B9D0-130D9F051A14}.Debug|Any CPU.ActiveCfg = Debug|Any CPU
		{6A2CA5A3-2D7C-4E93-B9D0-130D9F051A14}.Debug|Any CPU.Build.0 = Debug|Any CPU
		{6A2CA5A3-2D7C-4E93-B9D0-130D9F051A14}.Release|Any CPU.ActiveCfg = Release|Any CPU
		{6A2CA5A3-2D7C-4E93-B9D0-130D9F051A14}.Release|Any CPU.Build.0 = Release|Any CPU
		{2D1BC732-D1F0-4DC4-8728-4F13F5BB56F3}.Debug|Any CPU.ActiveCfg = Debug|Any CPU
		{2D1BC732-D1F0-4DC4-8728-4F13F5BB56F3}.Debug|Any CPU.Build.0 = Debug|Any CPU
		{2D1BC732-D1F0-4DC4-8728-4F13F5BB56F3}.Release|Any CPU.ActiveCfg = Release|Any CPU
		{2D1BC732-D1F0-4DC4-8728-4F13F5BB56F3}.Release|Any CPU.Build.0 = Release|Any CPU
		{CB171EB5-51A4-4589-999C-7794B41C6AD9}.Debug|Any CPU.ActiveCfg = Debug|Any CPU
		{CB171EB5-51A4-4589-999C-7794B41C6AD9}.Debug|Any CPU.Build.0 = Debug|Any CPU
		{CB171EB5-51A4-4589-999C-7794B41C6AD9}.Release|Any CPU.ActiveCfg = Release|Any CPU
		{CB171EB5-51A4-4589-999C-7794B41C6AD9}.Release|Any CPU.Build.0 = Release|Any CPU
	EndGlobalSection
	GlobalSection(SolutionProperties) = preSolution
		HideSolutionNode = FALSE
	EndGlobalSection
	GlobalSection(ExtensibilityGlobals) = postSolution
		SolutionGuid = {EE6CF587-BB5E-42F5-AF37-D3898A207175}
	EndGlobalSection
EndGlobal
